
Microsoft Visual Studio Solution File, Format Version 12.00
# Visual Studio Version 16
VisualStudioVersion = 16.0.30406.217
MinimumVisualStudioVersion = 10.0.40219.1
Project("{FAE04EC0-301F-11D3-BF4B-00C04F79EFBC}") = "MovieBox", "MovieBox.csproj", "{414D2562-3A36-45D6-AE97-4729B46B18FF}"
EndProject
Global
	GlobalSection(SolutionConfigurationPlatforms) = preSolution
		Debug|Any CPU = Debug|Any CPU
		Release|Any CPU = Release|Any CPU
	EndGlobalSection
	GlobalSection(ProjectConfigurationPlatforms) = postSolution
		{414D2562-3A36-45D6-AE97-4729B46B18FF}.Debug|Any CPU.ActiveCfg = Debug|Any CPU
		{414D2562-3A36-45D6-AE97-4729B46B18FF}.Debug|Any CPU.Build.0 = Debug|Any CPU
		{414D2562-3A36-45D6-AE97-4729B46B18FF}.Release|Any CPU.ActiveCfg = Release|Any CPU
		{414D2562-3A36-45D6-AE97-4729B46B18FF}.Release|Any CPU.Build.0 = Release|Any CPU
	EndGlobalSection
	GlobalSection(SolutionProperties) = preSolution
		HideSolutionNode = FALSE
	EndGlobalSection
	GlobalSection(ExtensibilityGlobals) = postSolution
		SolutionGuid = {072E8994-C330-48A8-B7B6-EB655DA0D6E4}
	EndGlobalSection
EndGlobal
